
Microsoft Visual Studio Solution File, Format Version 12.00
# Visual Studio Version 17
VisualStudioVersion = 17.4.32804.182
MinimumVisualStudioVersion = 10.0.40219.1
Project("{FAE04EC0-301F-11D3-BF4B-00C04F79EFBC}") = "Pervasive.Infrastructure.CosmosDb", "Pervasive.Infrastructure.CosmosDb.csproj", "{D4C5CE27-005A-4DDB-AAC7-4F88D6265E63}"
EndProject
Global
	GlobalSection(SolutionConfigurationPlatforms) = preSolution
		Debug|Any CPU = Debug|Any CPU
		Release|Any CPU = Release|Any CPU
	EndGlobalSection
	GlobalSection(ProjectConfigurationPlatforms) = postSolution
		{D4C5CE27-005A-4DDB-AAC7-4F88D6265E63}.Debug|Any CPU.ActiveCfg = Debug|Any CPU
		{D4C5CE27-005A-4DDB-AAC7-4F88D6265E63}.Debug|Any CPU.Build.0 = Debug|Any CPU
		{D4C5CE27-005A-4DDB-AAC7-4F88D6265E63}.Release|Any CPU.ActiveCfg = Release|Any CPU
		{D4C5CE27-005A-4DDB-AAC7-4F88D6265E63}.Release|Any CPU.Build.0 = Release|Any CPU
	EndGlobalSection
	GlobalSection(SolutionProperties) = preSolution
		HideSolutionNode = FALSE
	EndGlobalSection
	GlobalSection(ExtensibilityGlobals) = postSolution
		SolutionGuid = {03FC089F-0324-443E-85B4-F633EDA78D95}
	EndGlobalSection
EndGlobal
